// !$*UTF8*$!
{
	archiveVersion = 1;
	classes = {
	};
	objectVersion = 55;
	objects = {

/* Begin PBXBuildFile section */
		CDE5E4B82704B14000D8F696 /* CustomDatePickerDemoApp.swift in Sources */ = {isa = PBXBuildFile; fileRef = CDE5E4B72704B14000D8F696 /* CustomDatePickerDemoApp.swift */; };
		CDE5E4BA2704B14000D8F696 /* ContentView.swift in Sources */ = {isa = PBXBuildFile; fileRef = CDE5E4B92704B14000D8F696 /* ContentView.swift */; };
		CDE5E4BC2704B14200D8F696 /* Assets.xcassets in Resources */ = {isa = PBXBuildFile; fileRef = CDE5E4BB2704B14200D8F696 /* Assets.xcassets */; };
		CDE5E4BF2704B14200D8F696 /* Preview Assets.xcassets in Resources */ = {isa = PBXBuildFile; fileRef = CDE5E4BE2704B14200D8F696 /* Preview Assets.xcassets */; };
		CDE5E4C82704B57F00D8F696 /* Home.swift in Sources */ = {isa = PBXBuildFile; fileRef = CDE5E4C72704B57F00D8F696 /* Home.swift */; };
		CDE5E4CA2704B68400D8F696 /* CustomDatePicker.swift in Sources */ = {isa = PBXBuildFile; fileRef = CDE5E4C92704B68300D8F696 /* CustomDatePicker.swift */; };
		CDE5E4CC2704BB5100D8F696 /* DateValue.swift in Sources */ = {isa = PBXBuildFile; fileRef = CDE5E4CB2704BB5100D8F696 /* DateValue.swift */; };
		CDE5E4CE27051F9F00D8F696 /* Task.swift in Sources */ = {isa = PBXBuildFile; fileRef = CDE5E4CD27051F9F00D8F696 /* Task.swift */; };
/* End PBXBuildFile section */

/* Begin PBXFileReference section */
		CDE5E4B42704B14000D8F696 /* CustomDatePickerDemo.app */ = {isa = PBXFileReference; explicitFileType = wrapper.application; includeInIndex = 0; path = CustomDatePickerDemo.app; sourceTree = BUILT_PRODUCTS_DIR; };
		CDE5E4B72704B14000D8F696 /* CustomDatePickerDemoApp.swift */ = {isa = PBXFileReference; lastKnownFileType = sourcecode.swift; path = CustomDatePickerDemoApp.swift; sourceTree = "<group>"; };
		CDE5E4B92704B14000D8F696 /* ContentView.swift */ = {isa = PBXFileReference; lastKnownFileType = sourcecode.swift; path = ContentView.swift; sourceTree = "<group>"; };
		CDE5E4BB2704B14200D8F696 /* Assets.xcassets */ = {isa = PBXFileReference; lastKnownFileType = folder.assetcatalog; path = Assets.xcassets; sourceTree = "<group>"; };
		CDE5E4BE2704B14200D8F696 /* Preview Assets.xcassets */ = {isa = PBXFileReference; lastKnownFileType = folder.assetcatalog; path = "Preview Assets.xcassets"; sourceTree = "<group>"; };
		CDE5E4C72704B57F00D8F696 /* Home.swift */ = {isa = PBXFileReference; lastKnownFileType = sourcecode.swift; path = Home.swift; sourceTree = "<group>"; };
		CDE5E4C92704B68300D8F696 /* CustomDatePicker.swift */ = {isa = PBXFileReference; lastKnownFileType = sourcecode.swift; path = CustomDatePicker.swift; sourceTree = "<group>"; };
		CDE5E4CB2704BB5100D8F696 /* DateValue.swift */ = {isa = PBXFileReference; lastKnownFileType = sourcecode.swift; path = DateValue.swift; sourceTree = "<group>"; };
		CDE5E4CD27051F9F00D8F696 /* Task.swift */ = {isa = PBXFileReference; lastKnownFileType = sourcecode.swift; path = Task.swift; sourceTree = "<group>"; };
		CDE5E4D02705512200D8F696 /* CustomDatePickerDemo.entitlements */ = {isa = PBXFileReference; lastKnownFileType = text.plist.entitlements; path = CustomDatePickerDemo.entitlements; sourceTree = "<group>"; };
/* End PBXFileReference section */

/* Begin PBXFrameworksBuildPhase section */
		CDE5E4B12704B14000D8F696 /* Frameworks */ = {
			isa = PBXFrameworksBuildPhase;
			buildActionMask = 2147483647;
			files = (
			);
			runOnlyForDeploymentPostprocessing = 0;
		};
/* End PBXFrameworksBuildPhase section */

/* Begin PBXGroup section */
		CDE5E4AB2704B14000D8F696 = {
			isa = PBXGroup;
			children = (
				CDE5E4B62704B14000D8F696 /* CustomDatePickerDemo */,
				CDE5E4B52704B14000D8F696 /* Products */,
			);
			sourceTree = "<group>";
		};
		CDE5E4B52704B14000D8F696 /* Products */ = {
			isa = PBXGroup;
			children = (
				CDE5E4B42704B14000D8F696 /* CustomDatePickerDemo.app */,
			);
			name = Products;
			sourceTree = "<group>";
		};
		CDE5E4B62704B14000D8F696 /* CustomDatePickerDemo */ = {
			isa = PBXGroup;
			children = (
				CDE5E4D02705512200D8F696 /* CustomDatePickerDemo.entitlements */,
				CDE5E4C62704B55500D8F696 /* Model */,
				CDE5E4C52704B54C00D8F696 /* View */,
				CDE5E4B72704B14000D8F696 /* CustomDatePickerDemoApp.swift */,
				CDE5E4B92704B14000D8F696 /* ContentView.swift */,
				CDE5E4BB2704B14200D8F696 /* Assets.xcassets */,
				CDE5E4BD2704B14200D8F696 /* Preview Content */,
			);
			path = CustomDatePickerDemo;
			sourceTree = "<group>";
		};
		CDE5E4BD2704B14200D8F696 /* Preview Content */ = {
			isa = PBXGroup;
			children = (
				CDE5E4BE2704B14200D8F696 /* Preview Assets.xcassets */,
			);
			path = "Preview Content";
			sourceTree = "<group>";
		};
		CDE5E4C52704B54C00D8F696 /* View */ = {
			isa = PBXGroup;
			children = (
				CDE5E4C72704B57F00D8F696 /* Home.swift */,
				CDE5E4C92704B68300D8F696 /* CustomDatePicker.swift */,
			);
			path = View;
			sourceTree = "<group>";
		};
		CDE5E4C62704B55500D8F696 /* Model */ = {
			isa = PBXGroup;
			children = (
				CDE5E4CB2704BB5100D8F696 /* DateValue.swift */,
				CDE5E4CD27051F9F00D8F696 /* Task.swift */,
			);
			path = Model;
			sourceTree = "<group>";
		};
/* End PBXGroup section */

/* Begin PBXNativeTarget section */
		CDE5E4B32704B14000D8F696 /* CustomDatePickerDemo */ = {
			isa = PBXNativeTarget;
			buildConfigurationList = CDE5E4C22704B14200D8F696 /* Build configuration list for PBXNativeTarget "CustomDatePickerDemo" */;
			buildPhases = (
				CDE5E4B02704B14000D8F696 /* Sources */,
				CDE5E4B12704B14000D8F696 /* Frameworks */,
				CDE5E4B22704B14000D8F696 /* Resources */,
			);
			buildRules = (
			);
			dependencies = (
			);
			name = CustomDatePickerDemo;
			productName = CustomDatePickerDemo;
			productReference = CDE5E4B42704B14000D8F696 /* CustomDatePickerDemo.app */;
			productType = "com.apple.product-type.application";
		};
/* End PBXNativeTarget section */

/* Begin PBXProject section */
		CDE5E4AC2704B14000D8F696 /* Project object */ = {
			isa = PBXProject;
			attributes = {
				BuildIndependentTargetsInParallel = 1;
				LastSwiftUpdateCheck = 1300;
				LastUpgradeCheck = 1300;
				TargetAttributes = {
					CDE5E4B32704B14000D8F696 = {
						CreatedOnToolsVersion = 13.0;
					};
				};
			};
			buildConfigurationList = CDE5E4AF2704B14000D8F696 /* Build configuration list for PBXProject "CustomDatePickerDemo" */;
			compatibilityVersion = "Xcode 13.0";
			developmentRegion = en;
			hasScannedForEncodings = 0;
			knownRegions = (
				en,
				Base,
			);
			mainGroup = CDE5E4AB2704B14000D8F696;
			productRefGroup = CDE5E4B52704B14000D8F696 /* Products */;
			projectDirPath = "";
			projectRoot = "";
			targets = (
				CDE5E4B32704B14000D8F696 /* CustomDatePickerDemo */,
			);
		};
/* End PBXProject section */

/* Begin PBXResourcesBuildPhase section */
		CDE5E4B22704B14000D8F696 /* Resources */ = {
			isa = PBXResourcesBuildPhase;
			buildActionMask = 2147483647;
			files = (
				CDE5E4BF2704B14200D8F696 /* Preview Assets.xcassets in Resources */,
				CDE5E4BC2704B14200D8F696 /* Assets.xcassets in Resources */,
			);
			runOnlyForDeploymentPostprocessing = 0;
		};
/* End PBXResourcesBuildPhase section */

/* Begin PBXSourcesBuildPhase section */
		CDE5E4B02704B14000D8F696 /* Sources */ = {
			isa = PBXSourcesBuildPhase;
			buildActionMask = 2147483647;
			files = (
				CDE5E4CA2704B68400D8F696 /* CustomDatePicker.swift in Sources */,
				CDE5E4BA2704B14000D8F696 /* ContentView.swift in Sources */,
				CDE5E4C82704B57F00D8F696 /* Home.swift in Sources */,
				CDE5E4CC2704BB5100D8F696 /* DateValue.swift in Sources */,
				CDE5E4CE27051F9F00D8F696 /* Task.swift in Sources */,
				CDE5E4B82704B14000D8F696 /* CustomDatePickerDemoApp.swift in Sources */,
			);
			runOnlyForDeploymentPostprocessing = 0;
		};
/* End PBXSourcesBuildPhase section */

/* Begin XCBuildConfiguration section */
		CDE5E4C02704B14200D8F696 /* Debug */ = {
			isa = XCBuildConfiguration;
			buildSettings = {
				ALWAYS_SEARCH_USER_PATHS = NO;
				CLANG_ANALYZER_NONNULL = YES;
				CLANG_ANALYZER_NUMBER_OBJECT_CONVERSION = YES_AGGRESSIVE;
				CLANG_CXX_LANGUAGE_STANDARD = "gnu++17";
				CLANG_CXX_LIBRARY = "libc++";
				CLANG_ENABLE_MODULES = YES;
				CLANG_ENABLE_OBJC_ARC = YES;
				CLANG_ENABLE_OBJC_WEAK = YES;
				CLANG_WARN_BLOCK_CAPTURE_AUTORELEASING = YES;
				CLANG_WARN_BOOL_CONVERSION = YES;
				CLANG_WARN_COMMA = YES;
				CLANG_WARN_CONSTANT_CONVERSION = YES;
				CLANG_WARN_DEPRECATED_OBJC_IMPLEMENTATIONS = YES;
				CLANG_WARN_DIRECT_OBJC_ISA_USAGE = YES_ERROR;
				CLANG_WARN_DOCUMENTATION_COMMENTS = YES;
				CLANG_WARN_EMPTY_BODY = YES;
				CLANG_WARN_ENUM_CONVERSION = YES;
				CLANG_WARN_INFINITE_RECURSION = YES;
				CLANG_WARN_INT_CONVERSION = YES;
				CLANG_WARN_NON_LITERAL_NULL_CONVERSION = YES;
				CLANG_WARN_OBJC_IMPLICIT_RETAIN_SELF = YES;
				CLANG_WARN_OBJC_LITERAL_CONVERSION = YES;
				CLANG_WARN_OBJC_ROOT_CLASS = YES_ERROR;
				CLANG_WARN_QUOTED_INCLUDE_IN_FRAMEWORK_HEADER = YES;
				CLANG_WARN_RANGE_LOOP_ANALYSIS = YES;
				CLANG_WARN_STRICT_PROTOTYPES = YES;
				CLANG_WARN_SUSPICIOUS_MOVE = YES;
				CLANG_WARN_UNGUARDED_AVAILABILITY = YES_AGGRESSIVE;
				CLANG_WARN_UNREACHABLE_CODE = YES;
				CLANG_WARN__DUPLICATE_METHOD_MATCH = YES;
				COPY_PHASE_STRIP = NO;
				DEBUG_INFORMATION_FORMAT = dwarf;
				ENABLE_STRICT_OBJC_MSGSEND = YES;
				ENABLE_TESTABILITY = YES;
				GCC_C_LANGUAGE_STANDARD = gnu11;
				GCC_DYNAMIC_NO_PIC = NO;
				GCC_NO_COMMON_BLOCKS = YES;
				GCC_OPTIMIZATION_LEVEL = 0;
				GCC_PREPROCESSOR_DEFINITIONS = (
					"DEBUG=1",
					"$(inherited)",
				);
				GCC_WARN_64_TO_32_BIT_CONVERSION = YES;
				GCC_WARN_ABOUT_RETURN_TYPE = YES_ERROR;
				GCC_WARN_UNDECLARED_SELECTOR = YES;
				GCC_WARN_UNINITIALIZED_AUTOS = YES_AGGRESSIVE;
				GCC_WARN_UNUSED_FUNCTION = YES;
				GCC_WARN_UNUSED_VARIABLE = YES;
				IPHONEOS_DEPLOYMENT_TARGET = 15.0;
				MTL_ENABLE_DEBUG_INFO = INCLUDE_SOURCE;
				MTL_FAST_MATH = YES;
				ONLY_ACTIVE_ARCH = YES;
				SDKROOT = iphoneos;
				SWIFT_ACTIVE_COMPILATION_CONDITIONS = DEBUG;
				SWIFT_OPTIMIZATION_LEVEL = "-Onone";
			};
			name = Debug;
		};
		CDE5E4C12704B14200D8F696 /* Release */ = {
			isa = XCBuildConfiguration;
			buildSettings = {
				ALWAYS_SEARCH_USER_PATHS = NO;
				CLANG_ANALYZER_NONNULL = YES;
				CLANG_ANALYZER_NUMBER_OBJECT_CONVERSION = YES_AGGRESSIVE;
				CLANG_CXX_LANGUAGE_STANDARD = "gnu++17";
				CLANG_CXX_LIBRARY = "libc++";
				CLANG_ENABLE_MODULES = YES;
				CLANG_ENABLE_OBJC_ARC = YES;
				CLANG_ENABLE_OBJC_WEAK = YES;
				CLANG_WARN_BLOCK_CAPTURE_AUTORELEASING = YES;
				CLANG_WARN_BOOL_CONVERSION = YES;
				CLANG_WARN_COMMA = YES;
				CLANG_WARN_CONSTANT_CONVERSION = YES;
				CLANG_WARN_DEPRECATED_OBJC_IMPLEMENTATIONS = YES;
				CLANG_WARN_DIRECT_OBJC_ISA_USAGE = YES_ERROR;
				CLANG_WARN_DOCUMENTATION_COMMENTS = YES;
				CLANG_WARN_EMPTY_BODY = YES;
				CLANG_WARN_ENUM_CONVERSION = YES;
				CLANG_WARN_INFINITE_RECURSION = YES;
				CLANG_WARN_INT_CONVERSION = YES;
				CLANG_WARN_NON_LITERAL_NULL_CONVERSION = YES;
				CLANG_WARN_OBJC_IMPLICIT_RETAIN_SELF = YES;
				CLANG_WARN_OBJC_LITERAL_CONVERSION = YES;
				CLANG_WARN_OBJC_ROOT_CLASS = YES_ERROR;
				CLANG_WARN_QUOTED_INCLUDE_IN_FRAMEWORK_HEADER = YES;
				CLANG_WARN_RANGE_LOOP_ANALYSIS = YES;
				CLANG_WARN_STRICT_PROTOTYPES = YES;
				CLANG_WARN_SUSPICIOUS_MOVE = YES;
				CLANG_WARN_UNGUARDED_AVAILABILITY = YES_AGGRESSIVE;
				CLANG_WARN_UNREACHABLE_CODE = YES;
				CLANG_WARN__DUPLICATE_METHOD_MATCH = YES;
				COPY_PHASE_STRIP = NO;
				DEBUG_INFORMATION_FORMAT = "dwarf-with-dsym";
				ENABLE_NS_ASSERTIONS = NO;
				ENABLE_STRICT_OBJC_MSGSEND = YES;
				GCC_C_LANGUAGE_STANDARD = gnu11;
				GCC_NO_COMMON_BLOCKS = YES;
				GCC_WARN_64_TO_32_BIT_CONVERSION = YES;
				GCC_WARN_ABOUT_RETURN_TYPE = YES_ERROR;
				GCC_WARN_UNDECLARED_SELECTOR = YES;
				GCC_WARN_UNINITIALIZED_AUTOS = YES_AGGRESSIVE;
				GCC_WARN_UNUSED_FUNCTION = YES;
				GCC_WARN_UNUSED_VARIABLE = YES;
				IPHONEOS_DEPLOYMENT_TARGET = 15.0;
				MTL_ENABLE_DEBUG_INFO = NO;
				MTL_FAST_MATH = YES;
				SDKROOT = iphoneos;
				SWIFT_COMPILATION_MODE = wholemodule;
				SWIFT_OPTIMIZATION_LEVEL = "-O";
				VALIDATE_PRODUCT = YES;
			};
			name = Release;
		};
		CDE5E4C32704B14200D8F696 /* Debug */ = {
			isa = XCBuildConfiguration;
			buildSettings = {
				ASSETCATALOG_COMPILER_APPICON_NAME = AppIcon;
				ASSETCATALOG_COMPILER_GLOBAL_ACCENT_COLOR_NAME = AccentColor;
				CODE_SIGN_ENTITLEMENTS = CustomDatePickerDemo/CustomDatePickerDemo.entitlements;
				CODE_SIGN_STYLE = Automatic;
				CURRENT_PROJECT_VERSION = 1;
				DEVELOPMENT_ASSET_PATHS = "\"CustomDatePickerDemo/Preview Content\"";
				DEVELOPMENT_TEAM = 693P93E2N6;
				ENABLE_PREVIEWS = YES;
				GENERATE_INFOPLIST_FILE = YES;
				INFOPLIST_KEY_UIApplicationSceneManifest_Generation = YES;
				INFOPLIST_KEY_UIApplicationSupportsIndirectInputEvents = YES;
				INFOPLIST_KEY_UILaunchScreen_Generation = YES;
				INFOPLIST_KEY_UISupportedInterfaceOrientations_iPad = "UIInterfaceOrientationPortrait UIInterfaceOrientationPortraitUpsideDown UIInterfaceOrientationLandscapeLeft UIInterfaceOrientationLandscapeRight";
				INFOPLIST_KEY_UISupportedInterfaceOrientations_iPhone = "UIInterfaceOrientationPortrait UIInterfaceOrientationLandscapeLeft UIInterfaceOrientationLandscapeRight";
				IPHONEOS_DEPLOYMENT_TARGET = 15.0;
				LD_RUNPATH_SEARCH_PATHS = (
					"$(inherited)",
					"@executable_path/Frameworks",
				);
				MARKETING_VERSION = 1.0;
				PRODUCT_BUNDLE_IDENTIFIER = com.trueddn.homenano.CustomDatePickerDemo;
				PRODUCT_NAME = "$(TARGET_NAME)";
				SUPPORTS_MACCATALYST = NO;
				SUPPORTS_MAC_DESIGNED_FOR_IPHONE_IPAD = NO;
				SWIFT_EMIT_LOC_STRINGS = YES;
				SWIFT_VERSION = 5.0;
				TARGETED_DEVICE_FAMILY = "1,2";
			};
			name = Debug;
		};
		CDE5E4C42704B14200D8F696 /* Release */ = {
			isa = XCBuildConfiguration;
			buildSettings = {
				ASSETCATALOG_COMPILER_APPICON_NAME = AppIcon;
				ASSETCATALOG_COMPILER_GLOBAL_ACCENT_COLOR_NAME = AccentColor;
				CODE_SIGN_ENTITLEMENTS = CustomDatePickerDemo/CustomDatePickerDemo.entitlements;
				CODE_SIGN_STYLE = Automatic;
				CURRENT_PROJECT_VERSION = 1;
				DEVELOPMENT_ASSET_PATHS = "\"CustomDatePickerDemo/Preview Content\"";
				DEVELOPMENT_TEAM = 693P93E2N6;
				ENABLE_PREVIEWS = YES;
				GENERATE_INFOPLIST_FILE = YES;
				INFOPLIST_KEY_UIApplicationSceneManifest_Generation = YES;
				INFOPLIST_KEY_UIApplicationSupportsIndirectInputEvents = YES;
				INFOPLIST_KEY_UILaunchScreen_Generation = YES;
				INFOPLIST_KEY_UISupportedInterfaceOrientations_iPad = "UIInterfaceOrientationPortrait UIInterfaceOrientationPortraitUpsideDown UIInterfaceOrientationLandscapeLeft UIInterfaceOrientationLandscapeRight";
				INFOPLIST_KEY_UISupportedInterfaceOrientations_iPhone = "UIInterfaceOrientationPortrait UIInterfaceOrientationLandscapeLeft UIInterfaceOrientationLandscapeRight";
				IPHONEOS_DEPLOYMENT_TARGET = 15.0;
				LD_RUNPATH_SEARCH_PATHS = (
					"$(inherited)",
					"@executable_path/Frameworks",
				);
				MARKETING_VERSION = 1.0;
				PRODUCT_BUNDLE_IDENTIFIER = com.trueddn.homenano.CustomDatePickerDemo;
				PRODUCT_NAME = "$(TARGET_NAME)";
				SUPPORTS_MACCATALYST = NO;
				SUPPORTS_MAC_DESIGNED_FOR_IPHONE_IPAD = NO;
				SWIFT_EMIT_LOC_STRINGS = YES;
				SWIFT_VERSION = 5.0;
				TARGETED_DEVICE_FAMILY = "1,2";
			};
			name = Release;
		};
/* End XCBuildConfiguration section */

/* Begin XCConfigurationList section */
		CDE5E4AF2704B14000D8F696 /* Build configuration list for PBXProject "CustomDatePickerDemo" */ = {
			isa = XCConfigurationList;
			buildConfigurations = (
				CDE5E4C02704B14200D8F696 /* Debug */,
				CDE5E4C12704B14200D8F696 /* Release */,
			);
			defaultConfigurationIsVisible = 0;
			defaultConfigurationName = Release;
		};
		CDE5E4C22704B14200D8F696 /* Build configuration list for PBXNativeTarget "CustomDatePickerDemo" */ = {
			isa = XCConfigurationList;
			buildConfigurations = (
				CDE5E4C32704B14200D8F696 /* Debug */,
				CDE5E4C42704B14200D8F696 /* Release */,
			);
			defaultConfigurationIsVisible = 0;
			defaultConfigurationName = Release;
		};
/* End XCConfigurationList section */
	};
	rootObject = CDE5E4AC2704B14000D8F696 /* Project object */;
}
